
Microsoft Visual Studio Solution File, Format Version 12.00
# Visual Studio Version 17
VisualStudioVersion = 17.5.33530.505
MinimumVisualStudioVersion = 10.0.40219.1
Project("{9A19103F-16F7-4668-BE54-9A1E7A4F7556}") = "MarioWebAPP", "MarioWebAPP\MarioWebAPP.csproj", "{0897AFED-DDC8-4942-BD65-833C960372C2}"
EndProject
Global
	GlobalSection(SolutionConfigurationPlatforms) = preSolution
		Debug|Any CPU = Debug|Any CPU
		Release|Any CPU = Release|Any CPU
	EndGlobalSection
	GlobalSection(ProjectConfigurationPlatforms) = postSolution
		{0897AFED-DDC8-4942-BD65-833C960372C2}.Debug|Any CPU.ActiveCfg = Debug|Any CPU
		{0897AFED-DDC8-4942-BD65-833C960372C2}.Debug|Any CPU.Build.0 = Debug|Any CPU
		{0897AFED-DDC8-4942-BD65-833C960372C2}.Release|Any CPU.ActiveCfg = Release|Any CPU
		{0897AFED-DDC8-4942-BD65-833C960372C2}.Release|Any CPU.Build.0 = Release|Any CPU
	EndGlobalSection
	GlobalSection(SolutionProperties) = preSolution
		HideSolutionNode = FALSE
	EndGlobalSection
	GlobalSection(ExtensibilityGlobals) = postSolution
		SolutionGuid = {2560F0A5-4A6A-41A1-9142-240C9F0AA5D7}
	EndGlobalSection
EndGlobal
